{
  "name": "@workspace/consumer",
  "version": "1.0.0",
  "lockfileVersion": 3,
  "requires": true,
  "packages": {
    "": {
      "name": "@workspace/consumer",
      "version": "1.0.0",
      "license": "ISC",
      "workspaces": [
        "../consumed"
      ]
    },
    "../consumed": {
      "name": "@workspace/consumed",
      "version": "1.0.0",
      "hasInstallScript": true,
      "license": "ISC",
      "workspaces": [
        "../topostinstall"
      ]
    },
    "node_modules/@workspace/consumed": {
      "resolved": "../consumed",
      "link": true
    }
  }
}
