{
  "name": "@workspace/consumed",
  "version": "1.0.0",
  "lockfileVersion": 3,
  "requires": true,
  "packages": {
    "": {
      "name": "@workspace/consumed",
      "version": "1.0.0",
      "hasInstallScript": true,
      "license": "ISC",
      "workspaces": [
        "../topostinstall"
      ]
    },
    "../topostinstall": {
      "name": "@workspace/topostinstall",
      "version": "1.0.0",
      "license": "ISC",
      "bin": {
        "topostinstall": "src/index.js"
      }
    },
    "node_modules/@workspace/topostinstall": {
      "resolved": "../topostinstall",
      "link": true
    }
  }
}
